{
  "name": "raspi_voice",
  "version": "1.0.0",
  "lockfileVersion": 1,
  "requires": true,
  "dependencies": {
    "abstract-socket": {
      "version": "2.1.1",
      "resolved": "https://registry.nlark.com/abstract-socket/download/abstract-socket-2.1.1.tgz",
      "integrity": "sha1-JDp+bm/2W7nqsWoi+pBpm5HlKPc=",
      "optional": true,
      "requires": {
        "bindings": "^1.2.1",
        "nan": "^2.12.1"
      }
    },
    "bindings": {
      "version": "1.5.0",
      "resolved": "https://registry.npm.taobao.org/bindings/download/bindings-1.5.0.tgz",
      "integrity": "sha1-EDU8npRTNLwFEabZCzj7x8nFBN8=",
      "optional": true,
      "requires": {
        "file-uri-to-path": "1.0.0"
      }
    },
    "crypto-js": {
      "version": "4.1.1",
      "resolved": "https://registry.nlark.com/crypto-js/download/crypto-js-4.1.1.tgz",
      "integrity": "sha1-nkhbzwNSEEG9hYRHhrg/t2GXNs8="
    },
    "dbus-native": {
      "version": "0.2.5",
      "resolved": "https://registry.nlark.com/dbus-native/download/dbus-native-0.2.5.tgz",
      "integrity": "sha1-kUBW+WieJ3nmIcKrj30jR+pgfcM=",
      "requires": {
        "abstract-socket": "^2.0.0",
        "event-stream": "^3.1.7",
        "hexy": "^0.2.10",
        "long": "^3.0.1",
        "optimist": "^0.6.1",
        "put": "0.0.6",
        "safe-buffer": "^5.1.1",
        "xml2js": "0.1.14"
      }
    },
    "debug": {
      "version": "2.6.9",
      "resolved": "https://registry.nlark.com/debug/download/debug-2.6.9.tgz?cache=0&sync_timestamp=1625374632845&other_urls=https%3A%2F%2Fregistry.nlark.com%2Fdebug%2Fdownload%2Fdebug-2.6.9.tgz",
      "integrity": "sha1-XRKFFd8TT/Mn6QpMk/Tgd6U2NB8=",
      "requires": {
        "ms": "2.0.0"
      }
    },
    "duplexer": {
      "version": "0.1.2",
      "resolved": "https://registry.nlark.com/duplexer/download/duplexer-0.1.2.tgz",
      "integrity": "sha1-Or5DrvODX4rgd9E23c4PJ2sEAOY="
    },
    "event-stream": {
      "version": "3.3.5",
      "resolved": "https://registry.nlark.com/event-stream/download/event-stream-3.3.5.tgz",
      "integrity": "sha1-5d2JiVQ2MNlMbPTWVxIDQfoxY2s=",
      "requires": {
        "duplexer": "^0.1.1",
        "from": "^0.1.7",
        "map-stream": "0.0.7",
        "pause-stream": "^0.0.11",
        "split": "^1.0.1",
        "stream-combiner": "^0.2.2",
        "through": "^2.3.8"
      }
    },
    "file-uri-to-path": {
      "version": "1.0.0",
      "resolved": "https://registry.npm.taobao.org/file-uri-to-path/download/file-uri-to-path-1.0.0.tgz",
      "integrity": "sha1-VTp7hEb/b2hDWcRF8eN6BdrMM90=",
      "optional": true
    },
    "from": {
      "version": "0.1.7",
      "resolved": "https://registry.nlark.com/from/download/from-0.1.7.tgz",
      "integrity": "sha1-g8YK/Fi5xWmXAH7Rp2izqzA6RP4="
    },
    "fs": {
      "version": "0.0.1-security",
      "resolved": "https://registry.npm.taobao.org/fs/download/fs-0.0.1-security.tgz",
      "integrity": "sha1-invTcYa23d84E/I4WLV+yq9eQdQ="
    },
    "hexy": {
      "version": "0.2.11",
      "resolved": "https://registry.nlark.com/hexy/download/hexy-0.2.11.tgz",
      "integrity": "sha1-mTnCXLb4apEwLyK4qKclc1GOJbQ="
    },
    "log4node": {
      "version": "0.1.6",
      "resolved": "https://registry.nlark.com/log4node/download/log4node-0.1.6.tgz",
      "integrity": "sha1-N+MY8aeIv9PtBsRcJMHNWfI3SiM="
    },
    "long": {
      "version": "3.2.0",
      "resolved": "https://registry.npm.taobao.org/long/download/long-3.2.0.tgz",
      "integrity": "sha1-2CG3E4yhy1gcFymQ7xTbIAtcR0s="
    },
    "map-stream": {
      "version": "0.0.7",
      "resolved": "https://registry.nlark.com/map-stream/download/map-stream-0.0.7.tgz",
      "integrity": "sha1-ih8HiW2CsQkmvTdEokIACfiJdKg="
    },
    "minimist": {
      "version": "0.0.10",
      "resolved": "https://registry.npm.taobao.org/minimist/download/minimist-0.0.10.tgz",
      "integrity": "sha1-3j+YVD2/lggr5IrRoMfNqDYwHc8="
    },
    "ms": {
      "version": "2.0.0",
      "resolved": "https://registry.nlark.com/ms/download/ms-2.0.0.tgz?cache=0&sync_timestamp=1629474217825&other_urls=https%3A%2F%2Fregistry.nlark.com%2Fms%2Fdownload%2Fms-2.0.0.tgz",
      "integrity": "sha1-VgiurfwAvmwpAd9fmGF4jeDVl8g="
    },
    "nan": {
      "version": "2.15.0",
      "resolved": "https://registry.nlark.com/nan/download/nan-2.15.0.tgz?cache=0&other_urls=https%3A%2F%2Fregistry.nlark.com%2Fnan%2Fdownload%2Fnan-2.15.0.tgz",
      "integrity": "sha1-PzSkc/8Y4VwbVia2KQO1rW5mX+4=",
      "optional": true
    },
    "omxplayer": {
      "version": "1.0.0",
      "resolved": "https://registry.nlark.com/omxplayer/download/omxplayer-1.0.0.tgz",
      "integrity": "sha1-sTC5DjTDyrsHbUnW7xGAh3TvNmo=",
      "requires": {
        "dbus-native": "^0.2.0",
        "debug": "^2.6.1",
        "semaphore": "^1.0.5"
      }
    },
    "optimist": {
      "version": "0.6.1",
      "resolved": "https://registry.npm.taobao.org/optimist/download/optimist-0.6.1.tgz",
      "integrity": "sha1-2j6nRob6IaGaERwybpDrFaAZZoY=",
      "requires": {
        "minimist": "~0.0.1",
        "wordwrap": "~0.0.2"
      }
    },
    "pause-stream": {
      "version": "0.0.11",
      "resolved": "https://registry.nlark.com/pause-stream/download/pause-stream-0.0.11.tgz",
      "integrity": "sha1-/lo0sMvOErWqaitAPuLnO2AvFEU=",
      "requires": {
        "through": "~2.3"
      }
    },
    "put": {
      "version": "0.0.6",
      "resolved": "https://registry.npm.taobao.org/put/download/put-0.0.6.tgz",
      "integrity": "sha1-MPX2C9bkOJvTKeFqJThsuy5KAKM="
    },
    "readline": {
      "version": "1.3.0",
      "resolved": "https://registry.nlark.com/readline/download/readline-1.3.0.tgz",
      "integrity": "sha1-xYDXfvLPyHUrEySYBg3JeTp6wBw="
    },
    "safe-buffer": {
      "version": "5.2.1",
      "resolved": "https://registry.npm.taobao.org/safe-buffer/download/safe-buffer-5.2.1.tgz",
      "integrity": "sha1-Hq+fqb2x/dTsdfWPnNtOa3gn7sY="
    },
    "sax": {
      "version": "1.2.4",
      "resolved": "https://registry.npm.taobao.org/sax/download/sax-1.2.4.tgz?cache=0&sync_timestamp=1608181219722&other_urls=https%3A%2F%2Fregistry.npm.taobao.org%2Fsax%2Fdownload%2Fsax-1.2.4.tgz",
      "integrity": "sha1-KBYjTiN4vdxOU1T6tcqold9xANk="
    },
    "semaphore": {
      "version": "1.1.0",
      "resolved": "https://registry.npm.taobao.org/semaphore/download/semaphore-1.1.0.tgz",
      "integrity": "sha1-qq2LhrIP6OmzKxbcLuaCqM0mqKo="
    },
    "split": {
      "version": "1.0.1",
      "resolved": "https://registry.nlark.com/split/download/split-1.0.1.tgz",
      "integrity": "sha1-YFvZvjA6pZ+zX5Ip++oN3snqB9k=",
      "requires": {
        "through": "2"
      }
    },
    "stream-combiner": {
      "version": "0.2.2",
      "resolved": "https://registry.nlark.com/stream-combiner/download/stream-combiner-0.2.2.tgz",
      "integrity": "sha1-rsjLrBd7Vrb0+kec7YwZEs7lKFg=",
      "requires": {
        "duplexer": "~0.1.1",
        "through": "~2.3.4"
      }
    },
    "through": {
      "version": "2.3.8",
      "resolved": "https://registry.npm.taobao.org/through/download/through-2.3.8.tgz",
      "integrity": "sha1-DdTJ/6q8NXlgsbckEV1+Doai4fU="
    },
    "wordwrap": {
      "version": "0.0.3",
      "resolved": "https://registry.npm.taobao.org/wordwrap/download/wordwrap-0.0.3.tgz",
      "integrity": "sha1-o9XabNXAvAAI03I0u68b7WMFkQc="
    },
    "ws": {
      "version": "8.2.0",
      "resolved": "https://registry.nlark.com/ws/download/ws-8.2.0.tgz",
      "integrity": "sha1-C3OM1IS/yTA0IZFLEbtAEeB2Fbs="
    },
    "xml2js": {
      "version": "0.1.14",
      "resolved": "https://registry.nlark.com/xml2js/download/xml2js-0.1.14.tgz?cache=0&other_urls=https%3A%2F%2Fregistry.nlark.com%2Fxml2js%2Fdownload%2Fxml2js-0.1.14.tgz",
      "integrity": "sha1-UnTmf1pkxfkpdM2FE54DMq3GuQw=",
      "requires": {
        "sax": ">=0.1.1"
      }
    }
  }
}
