{
  "name": "raspi_voice",
  "version": "1.0.0",
  "lockfileVersion": 1,
  "requires": true,
  "dependencies": {
    "crypto-js": {
      "version": "4.1.1",
      "resolved": "https://registry.nlark.com/crypto-js/download/crypto-js-4.1.1.tgz",
      "integrity": "sha1-nkhbzwNSEEG9hYRHhrg/t2GXNs8="
    },
    "fs": {
      "version": "0.0.1-security",
      "resolved": "https://registry.npm.taobao.org/fs/download/fs-0.0.1-security.tgz",
      "integrity": "sha1-invTcYa23d84E/I4WLV+yq9eQdQ="
    },
    "log4node": {
      "version": "0.1.6",
      "resolved": "https://registry.nlark.com/log4node/download/log4node-0.1.6.tgz",
      "integrity": "sha1-N+MY8aeIv9PtBsRcJMHNWfI3SiM="
    },
    "readline": {
      "version": "1.3.0",
      "resolved": "https://registry.nlark.com/readline/download/readline-1.3.0.tgz",
      "integrity": "sha1-xYDXfvLPyHUrEySYBg3JeTp6wBw="
    },
    "ws": {
      "version": "8.2.0",
      "resolved": "https://registry.nlark.com/ws/download/ws-8.2.0.tgz",
      "integrity": "sha1-C3OM1IS/yTA0IZFLEbtAEeB2Fbs="
    }
  }
}
